PODS:
  - Alamofire (4.7.3)
  - Socket.IO-Client-Swift (11.1.3):
    - StarscreamSocketIO (~> 8.0.5)
  - StarscreamSocketIO (8.0.7)
  - SwiftyJSON (4.1.0)

DEPENDENCIES:
  - Alamofire
  - Socket.IO-Client-Swift (~> 11.1.3)
  - SwiftyJSON

SPEC REPOS:
  https://github.com/cocoapods/specs.git:
    - Alamofire
    - Socket.IO-Client-Swift
    - StarscreamSocketIO
    - SwiftyJSON

SPEC CHECKSUMS:
  Alamofire: c7287b6e5d7da964a70935e5db17046b7fde6568
  Socket.IO-Client-Swift: b8e59ddc16bc3609ca2f49a4b50253f095d535c8
  StarscreamSocketIO: 00b54e4208481ca5cef089545353aaf126bae16d
  SwiftyJSON: c29297daf073d2aa016295d5809cdd68045c39b3

PODFILE CHECKSUM: 790571b3a670f9c197b988ec64b5fe0c08a8bd30

COCOAPODS: 1.5.2
